
Microsoft Visual Studio Solution File, Format Version 12.00
# Visual Studio Version 16
VisualStudioVersion = 16.0.31313.79
MinimumVisualStudioVersion = 10.0.40219.1
Project("{FAE04EC0-301F-11D3-BF4B-00C04F79EFBC}") = "SharpBlockchain.CommandLine", "SharpBlockchain.Console\SharpBlockchain.CommandLine.csproj", "{4E8F9849-34BA-40F6-8063-70870364D774}"
EndProject
Project("{FAE04EC0-301F-11D3-BF4B-00C04F79EFBC}") = "SharpBlockchain.Core", "SharpBlockchain.Core\SharpBlockchain.Core.csproj", "{E636F44C-4FCA-412E-BE7C-BB16D097E330}"
EndProject
Global
	GlobalSection(SolutionConfigurationPlatforms) = preSolution
		Debug|Any CPU = Debug|Any CPU
		Release|Any CPU = Release|Any CPU
	EndGlobalSection
	GlobalSection(ProjectConfigurationPlatforms) = postSolution
		{4E8F9849-34BA-40F6-8063-70870364D774}.Debug|Any CPU.ActiveCfg = Debug|Any CPU
		{4E8F9849-34BA-40F6-8063-70870364D774}.Debug|Any CPU.Build.0 = Debug|Any CPU
		{4E8F9849-34BA-40F6-8063-70870364D774}.Release|Any CPU.ActiveCfg = Release|Any CPU
		{4E8F9849-34BA-40F6-8063-70870364D774}.Release|Any CPU.Build.0 = Release|Any CPU
		{E636F44C-4FCA-412E-BE7C-BB16D097E330}.Debug|Any CPU.ActiveCfg = Debug|Any CPU
		{E636F44C-4FCA-412E-BE7C-BB16D097E330}.Debug|Any CPU.Build.0 = Debug|Any CPU
		{E636F44C-4FCA-412E-BE7C-BB16D097E330}.Release|Any CPU.ActiveCfg = Release|Any CPU
		{E636F44C-4FCA-412E-BE7C-BB16D097E330}.Release|Any CPU.Build.0 = Release|Any CPU
	EndGlobalSection
	GlobalSection(SolutionProperties) = preSolution
		HideSolutionNode = FALSE
	EndGlobalSection
	GlobalSection(ExtensibilityGlobals) = postSolution
		SolutionGuid = {51512AFF-AAA1-4896-9B52-E6784E7B1C64}
	EndGlobalSection
EndGlobal
